// !$*UTF8*$!
{
	archiveVersion = 1;
	classes = {
	};
	objectVersion = 50;
	objects = {

/* Begin PBXBuildFile section */
		9B148E6822DCBF020073A627 /* Assets.xcassets in Resources */ = {isa = PBXBuildFile; fileRef = 9B148E6722DCBF020073A627 /* Assets.xcassets */; };
		9B148E6A22DE05020073A627 /* HistoryFacts.plist in Resources */ = {isa = PBXBuildFile; fileRef = 9B148E6922DE05020073A627 /* HistoryFacts.plist */; };
		9B6E908822D5FE6A00F9ECDD /* BoutTime.swift in Sources */ = {isa = PBXBuildFile; fileRef = 9B6E908722D5FE6A00F9ECDD /* BoutTime.swift */; };
		9B7347762360A2AE0065ECBB /* ScoreViewController.swift in Sources */ = {isa = PBXBuildFile; fileRef = 9B7347752360A2AE0065ECBB /* ScoreViewController.swift */; };
		9BBC57C022D3DD8600F90895 /* AppDelegate.swift in Sources */ = {isa = PBXBuildFile; fileRef = 9BBC57BF22D3DD8600F90895 /* AppDelegate.swift */; };
		9BBC57C222D3DD8600F90895 /* ViewController.swift in Sources */ = {isa = PBXBuildFile; fileRef = 9BBC57C122D3DD8600F90895 /* ViewController.swift */; };
		9BBC57C522D3DD8700F90895 /* Main.storyboard in Resources */ = {isa = PBXBuildFile; fileRef = 9BBC57C322D3DD8600F90895 /* Main.storyboard */; };
		9BBC57CA22D3DD8800F90895 /* LaunchScreen.storyboard in Resources */ = {isa = PBXBuildFile; fileRef = 9BBC57C822D3DD8800F90895 /* LaunchScreen.storyboard */; };
		9BBC57D522D3DD8800F90895 /* BoutTimeGameTests.swift in Sources */ = {isa = PBXBuildFile; fileRef = 9BBC57D422D3DD8800F90895 /* BoutTimeGameTests.swift */; };
		9BF7A8572369B83C00355D4E /* RulesViewController.swift in Sources */ = {isa = PBXBuildFile; fileRef = 9BF7A8562369B83C00355D4E /* RulesViewController.swift */; };
/* End PBXBuildFile section */

/* Begin PBXContainerItemProxy section */
		9BBC57D122D3DD8800F90895 /* PBXContainerItemProxy */ = {
			isa = PBXContainerItemProxy;
			containerPortal = 9BBC57B422D3DD8600F90895 /* Project object */;
			proxyType = 1;
			remoteGlobalIDString = 9BBC57BB22D3DD8600F90895;
			remoteInfo = BoutTimeGame;
		};
/* End PBXContainerItemProxy section */

/* Begin PBXFileReference section */
		9B148E6722DCBF020073A627 /* Assets.xcassets */ = {isa = PBXFileReference; lastKnownFileType = folder.assetcatalog; path = Assets.xcassets; sourceTree = "<group>"; };
		9B148E6922DE05020073A627 /* HistoryFacts.plist */ = {isa = PBXFileReference; lastKnownFileType = text.plist.xml; path = HistoryFacts.plist; sourceTree = "<group>"; };
		9B6E908722D5FE6A00F9ECDD /* BoutTime.swift */ = {isa = PBXFileReference; lastKnownFileType = sourcecode.swift; path = BoutTime.swift; sourceTree = "<group>"; };
		9B7347752360A2AE0065ECBB /* ScoreViewController.swift */ = {isa = PBXFileReference; lastKnownFileType = sourcecode.swift; path = ScoreViewController.swift; sourceTree = "<group>"; };
		9BBC57BC22D3DD8600F90895 /* BoutTimeGame.app */ = {isa = PBXFileReference; explicitFileType = wrapper.application; includeInIndex = 0; path = BoutTimeGame.app; sourceTree = BUILT_PRODUCTS_DIR; };
		9BBC57BF22D3DD8600F90895 /* AppDelegate.swift */ = {isa = PBXFileReference; lastKnownFileType = sourcecode.swift; path = AppDelegate.swift; sourceTree = "<group>"; };
		9BBC57C122D3DD8600F90895 /* ViewController.swift */ = {isa = PBXFileReference; lastKnownFileType = sourcecode.swift; path = ViewController.swift; sourceTree = "<group>"; };
		9BBC57C422D3DD8700F90895 /* Base */ = {isa = PBXFileReference; lastKnownFileType = file.storyboard; name = Base; path = Base.lproj/Main.storyboard; sourceTree = "<group>"; };
		9BBC57C922D3DD8800F90895 /* Base */ = {isa = PBXFileReference; lastKnownFileType = file.storyboard; name = Base; path = Base.lproj/LaunchScreen.storyboard; sourceTree = "<group>"; };
		9BBC57CB22D3DD8800F90895 /* Info.plist */ = {isa = PBXFileReference; lastKnownFileType = text.plist.xml; path = Info.plist; sourceTree = "<group>"; };
		9BBC57D022D3DD8800F90895 /* BoutTimeGameTests.xctest */ = {isa = PBXFileReference; explicitFileType = wrapper.cfbundle; includeInIndex = 0; path = BoutTimeGameTests.xctest; sourceTree = BUILT_PRODUCTS_DIR; };
		9BBC57D422D3DD8800F90895 /* BoutTimeGameTests.swift */ = {isa = PBXFileReference; lastKnownFileType = sourcecode.swift; path = BoutTimeGameTests.swift; sourceTree = "<group>"; };
		9BBC57D622D3DD8800F90895 /* Info.plist */ = {isa = PBXFileReference; lastKnownFileType = text.plist.xml; path = Info.plist; sourceTree = "<group>"; };
		9BF7A8562369B83C00355D4E /* RulesViewController.swift */ = {isa = PBXFileReference; lastKnownFileType = sourcecode.swift; path = RulesViewController.swift; sourceTree = "<group>"; };
/* End PBXFileReference section */

/* Begin PBXFrameworksBuildPhase section */
		9BBC57B922D3DD8600F90895 /* Frameworks */ = {
			isa = PBXFrameworksBuildPhase;
			buildActionMask = 2147483647;
			files = (
			);
			runOnlyForDeploymentPostprocessing = 0;
		};
		9BBC57CD22D3DD8800F90895 /* Frameworks */ = {
			isa = PBXFrameworksBuildPhase;
			buildActionMask = 2147483647;
			files = (
			);
			runOnlyForDeploymentPostprocessing = 0;
		};
/* End PBXFrameworksBuildPhase section */

/* Begin PBXGroup section */
		9BBC57B322D3DD8600F90895 = {
			isa = PBXGroup;
			children = (
				9BBC57BE22D3DD8600F90895 /* BoutTimeGame */,
				9BBC57D322D3DD8800F90895 /* BoutTimeGameTests */,
				9BBC57BD22D3DD8600F90895 /* Products */,
			);
			sourceTree = "<group>";
		};
		9BBC57BD22D3DD8600F90895 /* Products */ = {
			isa = PBXGroup;
			children = (
				9BBC57BC22D3DD8600F90895 /* BoutTimeGame.app */,
				9BBC57D022D3DD8800F90895 /* BoutTimeGameTests.xctest */,
			);
			name = Products;
			sourceTree = "<group>";
		};
		9BBC57BE22D3DD8600F90895 /* BoutTimeGame */ = {
			isa = PBXGroup;
			children = (
				9BBC57BF22D3DD8600F90895 /* AppDelegate.swift */,
				9B6E908722D5FE6A00F9ECDD /* BoutTime.swift */,
				9BBC57C122D3DD8600F90895 /* ViewController.swift */,
				9B7347752360A2AE0065ECBB /* ScoreViewController.swift */,
				9BF7A8562369B83C00355D4E /* RulesViewController.swift */,
				9BBC57C322D3DD8600F90895 /* Main.storyboard */,
				9BBC57C822D3DD8800F90895 /* LaunchScreen.storyboard */,
				9BBC57CB22D3DD8800F90895 /* Info.plist */,
				9B148E6722DCBF020073A627 /* Assets.xcassets */,
				9B148E6922DE05020073A627 /* HistoryFacts.plist */,
			);
			path = BoutTimeGame;
			sourceTree = "<group>";
		};
		9BBC57D322D3DD8800F90895 /* BoutTimeGameTests */ = {
			isa = PBXGroup;
			children = (
				9BBC57D422D3DD8800F90895 /* BoutTimeGameTests.swift */,
				9BBC57D622D3DD8800F90895 /* Info.plist */,
			);
			path = BoutTimeGameTests;
			sourceTree = "<group>";
		};
/* End PBXGroup section */

/* Begin PBXNativeTarget section */
		9BBC57BB22D3DD8600F90895 /* BoutTimeGame */ = {
			isa = PBXNativeTarget;
			buildConfigurationList = 9BBC57D922D3DD8800F90895 /* Build configuration list for PBXNativeTarget "BoutTimeGame" */;
			buildPhases = (
				9BBC57B822D3DD8600F90895 /* Sources */,
				9BBC57B922D3DD8600F90895 /* Frameworks */,
				9BBC57BA22D3DD8600F90895 /* Resources */,
			);
			buildRules = (
			);
			dependencies = (
			);
			name = BoutTimeGame;
			productName = BoutTimeGame;
			productReference = 9BBC57BC22D3DD8600F90895 /* BoutTimeGame.app */;
			productType = "com.apple.product-type.application";
		};
		9BBC57CF22D3DD8800F90895 /* BoutTimeGameTests */ = {
			isa = PBXNativeTarget;
			buildConfigurationList = 9BBC57DC22D3DD8800F90895 /* Build configuration list for PBXNativeTarget "BoutTimeGameTests" */;
			buildPhases = (
				9BBC57CC22D3DD8800F90895 /* Sources */,
				9BBC57CD22D3DD8800F90895 /* Frameworks */,
				9BBC57CE22D3DD8800F90895 /* Resources */,
			);
			buildRules = (
			);
			dependencies = (
				9BBC57D222D3DD8800F90895 /* PBXTargetDependency */,
			);
			name = BoutTimeGameTests;
			productName = BoutTimeGameTests;
			productReference = 9BBC57D022D3DD8800F90895 /* BoutTimeGameTests.xctest */;
			productType = "com.apple.product-type.bundle.unit-test";
		};
/* End PBXNativeTarget section */

/* Begin PBXProject section */
		9BBC57B422D3DD8600F90895 /* Project object */ = {
			isa = PBXProject;
			attributes = {
				LastSwiftUpdateCheck = 1010;
				LastUpgradeCheck = 1010;
				ORGANIZATIONNAME = hamster1;
				TargetAttributes = {
					9BBC57BB22D3DD8600F90895 = {
						CreatedOnToolsVersion = 10.1;
					};
					9BBC57CF22D3DD8800F90895 = {
						CreatedOnToolsVersion = 10.1;
						TestTargetID = 9BBC57BB22D3DD8600F90895;
					};
				};
			};
			buildConfigurationList = 9BBC57B722D3DD8600F90895 /* Build configuration list for PBXProject "BoutTimeGame" */;
			compatibilityVersion = "Xcode 9.3";
			developmentRegion = en;
			hasScannedForEncodings = 0;
			knownRegions = (
				en,
				Base,
			);
			mainGroup = 9BBC57B322D3DD8600F90895;
			productRefGroup = 9BBC57BD22D3DD8600F90895 /* Products */;
			projectDirPath = "";
			projectRoot = "";
			targets = (
				9BBC57BB22D3DD8600F90895 /* BoutTimeGame */,
				9BBC57CF22D3DD8800F90895 /* BoutTimeGameTests */,
			);
		};
/* End PBXProject section */

/* Begin PBXResourcesBuildPhase section */
		9BBC57BA22D3DD8600F90895 /* Resources */ = {
			isa = PBXResourcesBuildPhase;
			buildActionMask = 2147483647;
			files = (
				9BBC57CA22D3DD8800F90895 /* LaunchScreen.storyboard in Resources */,
				9B148E6822DCBF020073A627 /* Assets.xcassets in Resources */,
				9BBC57C522D3DD8700F90895 /* Main.storyboard in Resources */,
				9B148E6A22DE05020073A627 /* HistoryFacts.plist in Resources */,
			);
			runOnlyForDeploymentPostprocessing = 0;
		};
		9BBC57CE22D3DD8800F90895 /* Resources */ = {
			isa = PBXResourcesBuildPhase;
			buildActionMask = 2147483647;
			files = (
			);
			runOnlyForDeploymentPostprocessing = 0;
		};
/* End PBXResourcesBuildPhase section */

/* Begin PBXSourcesBuildPhase section */
		9BBC57B822D3DD8600F90895 /* Sources */ = {
			isa = PBXSourcesBuildPhase;
			buildActionMask = 2147483647;
			files = (
				9BF7A8572369B83C00355D4E /* RulesViewController.swift in Sources */,
				9BBC57C222D3DD8600F90895 /* ViewController.swift in Sources */,
				9BBC57C022D3DD8600F90895 /* AppDelegate.swift in Sources */,
				9B6E908822D5FE6A00F9ECDD /* BoutTime.swift in Sources */,
				9B7347762360A2AE0065ECBB /* ScoreViewController.swift in Sources */,
			);
			runOnlyForDeploymentPostprocessing = 0;
		};
		9BBC57CC22D3DD8800F90895 /* Sources */ = {
			isa = PBXSourcesBuildPhase;
			buildActionMask = 2147483647;
			files = (
				9BBC57D522D3DD8800F90895 /* BoutTimeGameTests.swift in Sources */,
			);
			runOnlyForDeploymentPostprocessing = 0;
		};
/* End PBXSourcesBuildPhase section */

/* Begin PBXTargetDependency section */
		9BBC57D222D3DD8800F90895 /* PBXTargetDependency */ = {
			isa = PBXTargetDependency;
			target = 9BBC57BB22D3DD8600F90895 /* BoutTimeGame */;
			targetProxy = 9BBC57D122D3DD8800F90895 /* PBXContainerItemProxy */;
		};
/* End PBXTargetDependency section */

/* Begin PBXVariantGroup section */
		9BBC57C322D3DD8600F90895 /* Main.storyboard */ = {
			isa = PBXVariantGroup;
			children = (
				9BBC57C422D3DD8700F90895 /* Base */,
			);
			name = Main.storyboard;
			sourceTree = "<group>";
		};
		9BBC57C822D3DD8800F90895 /* LaunchScreen.storyboard */ = {
			isa = PBXVariantGroup;
			children = (
				9BBC57C922D3DD8800F90895 /* Base */,
			);
			name = LaunchScreen.storyboard;
			sourceTree = "<group>";
		};
/* End PBXVariantGroup section */

/* Begin XCBuildConfiguration section */
		9BBC57D722D3DD8800F90895 /* Debug */ = {
			isa = XCBuildConfiguration;
			buildSettings = {
				ALWAYS_SEARCH_USER_PATHS = NO;
				CLANG_ANALYZER_NONNULL = YES;
				CLANG_ANALYZER_NUMBER_OBJECT_CONVERSION = YES_AGGRESSIVE;
				CLANG_CXX_LANGUAGE_STANDARD = "gnu++14";
				CLANG_CXX_LIBRARY = "libc++";
				CLANG_ENABLE_MODULES = YES;
				CLANG_ENABLE_OBJC_ARC = YES;
				CLANG_ENABLE_OBJC_WEAK = YES;
				CLANG_WARN_BLOCK_CAPTURE_AUTORELEASING = YES;
				CLANG_WARN_BOOL_CONVERSION = YES;
				CLANG_WARN_COMMA = YES;
				CLANG_WARN_CONSTANT_CONVERSION = YES;
				CLANG_WARN_DEPRECATED_OBJC_IMPLEMENTATIONS = YES;
				CLANG_WARN_DIRECT_OBJC_ISA_USAGE = YES_ERROR;
				CLANG_WARN_DOCUMENTATION_COMMENTS = YES;
				CLANG_WARN_EMPTY_BODY = YES;
				CLANG_WARN_ENUM_CONVERSION = YES;
				CLANG_WARN_INFINITE_RECURSION = YES;
				CLANG_WARN_INT_CONVERSION = YES;
				CLANG_WARN_NON_LITERAL_NULL_CONVERSION = YES;
				CLANG_WARN_OBJC_IMPLICIT_RETAIN_SELF = YES;
				CLANG_WARN_OBJC_LITERAL_CONVERSION = YES;
				CLANG_WARN_OBJC_ROOT_CLASS = YES_ERROR;
				CLANG_WARN_RANGE_LOOP_ANALYSIS = YES;
				CLANG_WARN_STRICT_PROTOTYPES = YES;
				CLANG_WARN_SUSPICIOUS_MOVE = YES;
				CLANG_WARN_UNGUARDED_AVAILABILITY = YES_AGGRESSIVE;
				CLANG_WARN_UNREACHABLE_CODE = YES;
				CLANG_WARN__DUPLICATE_METHOD_MATCH = YES;
				CODE_SIGN_IDENTITY = "iPhone Developer";
				COPY_PHASE_STRIP = NO;
				DEBUG_INFORMATION_FORMAT = dwarf;
				ENABLE_STRICT_OBJC_MSGSEND = YES;
				ENABLE_TESTABILITY = YES;
				GCC_C_LANGUAGE_STANDARD = gnu11;
				GCC_DYNAMIC_NO_PIC = NO;
				GCC_NO_COMMON_BLOCKS = YES;
				GCC_OPTIMIZATION_LEVEL = 0;
				GCC_PREPROCESSOR_DEFINITIONS = (
					"DEBUG=1",
					"$(inherited)",
				);
				GCC_WARN_64_TO_32_BIT_CONVERSION = YES;
				GCC_WARN_ABOUT_RETURN_TYPE = YES_ERROR;
				GCC_WARN_UNDECLARED_SELECTOR = YES;
				GCC_WARN_UNINITIALIZED_AUTOS = YES_AGGRESSIVE;
				GCC_WARN_UNUSED_FUNCTION = YES;
				GCC_WARN_UNUSED_VARIABLE = YES;
				IPHONEOS_DEPLOYMENT_TARGET = 12.1;
				MTL_ENABLE_DEBUG_INFO = INCLUDE_SOURCE;
				MTL_FAST_MATH = YES;
				ONLY_ACTIVE_ARCH = YES;
				SDKROOT = iphoneos;
				SWIFT_ACTIVE_COMPILATION_CONDITIONS = DEBUG;
				SWIFT_OPTIMIZATION_LEVEL = "-Onone";
			};
			name = Debug;
		};
		9BBC57D822D3DD8800F90895 /* Release */ = {
			isa = XCBuildConfiguration;
			buildSettings = {
				ALWAYS_SEARCH_USER_PATHS = NO;
				CLANG_ANALYZER_NONNULL = YES;
				CLANG_ANALYZER_NUMBER_OBJECT_CONVERSION = YES_AGGRESSIVE;
				CLANG_CXX_LANGUAGE_STANDARD = "gnu++14";
				CLANG_CXX_LIBRARY = "libc++";
				CLANG_ENABLE_MODULES = YES;
				CLANG_ENABLE_OBJC_ARC = YES;
				CLANG_ENABLE_OBJC_WEAK = YES;
				CLANG_WARN_BLOCK_CAPTURE_AUTORELEASING = YES;
				CLANG_WARN_BOOL_CONVERSION = YES;
				CLANG_WARN_COMMA = YES;
				CLANG_WARN_CONSTANT_CONVERSION = YES;
				CLANG_WARN_DEPRECATED_OBJC_IMPLEMENTATIONS = YES;
				CLANG_WARN_DIRECT_OBJC_ISA_USAGE = YES_ERROR;
				CLANG_WARN_DOCUMENTATION_COMMENTS = YES;
				CLANG_WARN_EMPTY_BODY = YES;
				CLANG_WARN_ENUM_CONVERSION = YES;
				CLANG_WARN_INFINITE_RECURSION = YES;
				CLANG_WARN_INT_CONVERSION = YES;
				CLANG_WARN_NON_LITERAL_NULL_CONVERSION = YES;
				CLANG_WARN_OBJC_IMPLICIT_RETAIN_SELF = YES;
				CLANG_WARN_OBJC_LITERAL_CONVERSION = YES;
				CLANG_WARN_OBJC_ROOT_CLASS = YES_ERROR;
				CLANG_WARN_RANGE_LOOP_ANALYSIS = YES;
				CLANG_WARN_STRICT_PROTOTYPES = YES;
				CLANG_WARN_SUSPICIOUS_MOVE = YES;
				CLANG_WARN_UNGUARDED_AVAILABILITY = YES_AGGRESSIVE;
				CLANG_WARN_UNREACHABLE_CODE = YES;
				CLANG_WARN__DUPLICATE_METHOD_MATCH = YES;
				CODE_SIGN_IDENTITY = "iPhone Developer";
				COPY_PHASE_STRIP = NO;
				DEBUG_INFORMATION_FORMAT = "dwarf-with-dsym";
				ENABLE_NS_ASSERTIONS = NO;
				ENABLE_STRICT_OBJC_MSGSEND = YES;
				GCC_C_LANGUAGE_STANDARD = gnu11;
				GCC_NO_COMMON_BLOCKS = YES;
				GCC_WARN_64_TO_32_BIT_CONVERSION = YES;
				GCC_WARN_ABOUT_RETURN_TYPE = YES_ERROR;
				GCC_WARN_UNDECLARED_SELECTOR = YES;
				GCC_WARN_UNINITIALIZED_AUTOS = YES_AGGRESSIVE;
				GCC_WARN_UNUSED_FUNCTION = YES;
				GCC_WARN_UNUSED_VARIABLE = YES;
				IPHONEOS_DEPLOYMENT_TARGET = 12.1;
				MTL_ENABLE_DEBUG_INFO = NO;
				MTL_FAST_MATH = YES;
				SDKROOT = iphoneos;
				SWIFT_COMPILATION_MODE = wholemodule;
				SWIFT_OPTIMIZATION_LEVEL = "-O";
				VALIDATE_PRODUCT = YES;
			};
			name = Release;
		};
		9BBC57DA22D3DD8800F90895 /* Debug */ = {
			isa = XCBuildConfiguration;
			buildSettings = {
				ASSETCATALOG_COMPILER_APPICON_NAME = AppIcon;
				CODE_SIGN_STYLE = Automatic;
				INFOPLIST_FILE = BoutTimeGame/Info.plist;
				LD_RUNPATH_SEARCH_PATHS = (
					"$(inherited)",
					"@executable_path/Frameworks",
				);
				PRODUCT_BUNDLE_IDENTIFIER = goalzilla.BoutTimeGame;
				PRODUCT_NAME = "$(TARGET_NAME)";
				SWIFT_VERSION = 4.2;
				TARGETED_DEVICE_FAMILY = "1,2";
			};
			name = Debug;
		};
		9BBC57DB22D3DD8800F90895 /* Release */ = {
			isa = XCBuildConfiguration;
			buildSettings = {
				ASSETCATALOG_COMPILER_APPICON_NAME = AppIcon;
				CODE_SIGN_STYLE = Automatic;
				INFOPLIST_FILE = BoutTimeGame/Info.plist;
				LD_RUNPATH_SEARCH_PATHS = (
					"$(inherited)",
					"@executable_path/Frameworks",
				);
				PRODUCT_BUNDLE_IDENTIFIER = goalzilla.BoutTimeGame;
				PRODUCT_NAME = "$(TARGET_NAME)";
				SWIFT_VERSION = 4.2;
				TARGETED_DEVICE_FAMILY = "1,2";
			};
			name = Release;
		};
		9BBC57DD22D3DD8800F90895 /* Debug */ = {
			isa = XCBuildConfiguration;
			buildSettings = {
				ALWAYS_EMBED_SWIFT_STANDARD_LIBRARIES = YES;
				BUNDLE_LOADER = "$(TEST_HOST)";
				CODE_SIGN_STYLE = Automatic;
				INFOPLIST_FILE = BoutTimeGameTests/Info.plist;
				LD_RUNPATH_SEARCH_PATHS = (
					"$(inherited)",
					"@executable_path/Frameworks",
					"@loader_path/Frameworks",
				);
				PRODUCT_BUNDLE_IDENTIFIER = goalzilla.BoutTimeGameTests;
				PRODUCT_NAME = "$(TARGET_NAME)";
				SWIFT_VERSION = 4.2;
				TARGETED_DEVICE_FAMILY = "1,2";
				TEST_HOST = "$(BUILT_PRODUCTS_DIR)/BoutTimeGame.app/BoutTimeGame";
			};
			name = Debug;
		};
		9BBC57DE22D3DD8800F90895 /* Release */ = {
			isa = XCBuildConfiguration;
			buildSettings = {
				ALWAYS_EMBED_SWIFT_STANDARD_LIBRARIES = YES;
				BUNDLE_LOADER = "$(TEST_HOST)";
				CODE_SIGN_STYLE = Automatic;
				INFOPLIST_FILE = BoutTimeGameTests/Info.plist;
				LD_RUNPATH_SEARCH_PATHS = (
					"$(inherited)",
					"@executable_path/Frameworks",
					"@loader_path/Frameworks",
				);
				PRODUCT_BUNDLE_IDENTIFIER = goalzilla.BoutTimeGameTests;
				PRODUCT_NAME = "$(TARGET_NAME)";
				SWIFT_VERSION = 4.2;
				TARGETED_DEVICE_FAMILY = "1,2";
				TEST_HOST = "$(BUILT_PRODUCTS_DIR)/BoutTimeGame.app/BoutTimeGame";
			};
			name = Release;
		};
/* End XCBuildConfiguration section */

/* Begin XCConfigurationList section */
		9BBC57B722D3DD8600F90895 /* Build configuration list for PBXProject "BoutTimeGame" */ = {
			isa = XCConfigurationList;
			buildConfigurations = (
				9BBC57D722D3DD8800F90895 /* Debug */,
				9BBC57D822D3DD8800F90895 /* Release */,
			);
			defaultConfigurationIsVisible = 0;
			defaultConfigurationName = Release;
		};
		9BBC57D922D3DD8800F90895 /* Build configuration list for PBXNativeTarget "BoutTimeGame" */ = {
			isa = XCConfigurationList;
			buildConfigurations = (
				9BBC57DA22D3DD8800F90895 /* Debug */,
				9BBC57DB22D3DD8800F90895 /* Release */,
			);
			defaultConfigurationIsVisible = 0;
			defaultConfigurationName = Release;
		};
		9BBC57DC22D3DD8800F90895 /* Build configuration list for PBXNativeTarget "BoutTimeGameTests" */ = {
			isa = XCConfigurationList;
			buildConfigurations = (
				9BBC57DD22D3DD8800F90895 /* Debug */,
				9BBC57DE22D3DD8800F90895 /* Release */,
			);
			defaultConfigurationIsVisible = 0;
			defaultConfigurationName = Release;
		};
/* End XCConfigurationList section */
	};
	rootObject = 9BBC57B422D3DD8600F90895 /* Project object */;
}
